
Microsoft Visual Studio Solution File, Format Version 12.00
# Visual Studio Version 17
VisualStudioVersion = 17.9.34902.65
MinimumVisualStudioVersion = 10.0.40219.1
Project("{2150E333-8FDC-42A3-9474-1A3956D46DE8}") = "src", "src", "{E1C5BE8F-FA29-4784-979B-4FA0FE60AFC2}"
EndProject
Project("{2150E333-8FDC-42A3-9474-1A3956D46DE8}") = "Core", "Core", "{5200DF42-CF22-426A-9173-DD22A1ED63AB}"
EndProject
Project("{2150E333-8FDC-42A3-9474-1A3956D46DE8}") = "Application", "Application", "{B47D5E4B-DE85-4D48-B123-D1ED82444E72}"
EndProject
Project("{2150E333-8FDC-42A3-9474-1A3956D46DE8}") = "API", "API", "{6738672F-CA18-4029-B78F-BE2613959D45}"
EndProject
Project("{2150E333-8FDC-42A3-9474-1A3956D46DE8}") = "Domain", "Domain", "{7CAFF94A-778D-4667-B172-7CFC48540864}"
EndProject
Project("{2150E333-8FDC-42A3-9474-1A3956D46DE8}") = "Infrastructure", "Infrastructure", "{C76CB36A-E024-4842-A6CC-AFBAD5436DBE}"
EndProject
Project("{9A19103F-16F7-4668-BE54-9A1E7A4F7556}") = "CatalogAPI", "src\API\CatalogAPI\CatalogAPI.csproj", "{129F9856-8A09-47D3-8EEB-97A6EB7879AE}"
EndProject
Project("{FAE04EC0-301F-11D3-BF4B-00C04F79EFBC}") = "Catalog.Application", "src\Core\Application\CatalogApplication\Catalog.Application.csproj", "{A7DA51F8-C501-4794-8743-1DEFB2A042CB}"
EndProject
Project("{FAE04EC0-301F-11D3-BF4B-00C04F79EFBC}") = "Entities", "src\Core\Domain\Entities\Entities.csproj", "{49BDE1E9-BDE6-4767-9445-EA207DF3323C}"
EndProject
Project("{FAE04EC0-301F-11D3-BF4B-00C04F79EFBC}") = "Catalog.Data", "src\Infrastructure\Catalog.Data\Catalog.Data.csproj", "{8812616E-5E86-478A-8F2C-4051F8F8C5C8}"
EndProject
Global
	GlobalSection(SolutionConfigurationPlatforms) = preSolution
		Debug|Any CPU = Debug|Any CPU
		Release|Any CPU = Release|Any CPU
	EndGlobalSection
	GlobalSection(ProjectConfigurationPlatforms) = postSolution
		{129F9856-8A09-47D3-8EEB-97A6EB7879AE}.Debug|Any CPU.ActiveCfg = Debug|Any CPU
		{129F9856-8A09-47D3-8EEB-97A6EB7879AE}.Debug|Any CPU.Build.0 = Debug|Any CPU
		{129F9856-8A09-47D3-8EEB-97A6EB7879AE}.Release|Any CPU.ActiveCfg = Release|Any CPU
		{129F9856-8A09-47D3-8EEB-97A6EB7879AE}.Release|Any CPU.Build.0 = Release|Any CPU
		{A7DA51F8-C501-4794-8743-1DEFB2A042CB}.Debug|Any CPU.ActiveCfg = Debug|Any CPU
		{A7DA51F8-C501-4794-8743-1DEFB2A042CB}.Debug|Any CPU.Build.0 = Debug|Any CPU
		{A7DA51F8-C501-4794-8743-1DEFB2A042CB}.Release|Any CPU.ActiveCfg = Release|Any CPU
		{A7DA51F8-C501-4794-8743-1DEFB2A042CB}.Release|Any CPU.Build.0 = Release|Any CPU
		{49BDE1E9-BDE6-4767-9445-EA207DF3323C}.Debug|Any CPU.ActiveCfg = Debug|Any CPU
		{49BDE1E9-BDE6-4767-9445-EA207DF3323C}.Debug|Any CPU.Build.0 = Debug|Any CPU
		{49BDE1E9-BDE6-4767-9445-EA207DF3323C}.Release|Any CPU.ActiveCfg = Release|Any CPU
		{49BDE1E9-BDE6-4767-9445-EA207DF3323C}.Release|Any CPU.Build.0 = Release|Any CPU
		{8812616E-5E86-478A-8F2C-4051F8F8C5C8}.Debug|Any CPU.ActiveCfg = Debug|Any CPU
		{8812616E-5E86-478A-8F2C-4051F8F8C5C8}.Debug|Any CPU.Build.0 = Debug|Any CPU
		{8812616E-5E86-478A-8F2C-4051F8F8C5C8}.Release|Any CPU.ActiveCfg = Release|Any CPU
		{8812616E-5E86-478A-8F2C-4051F8F8C5C8}.Release|Any CPU.Build.0 = Release|Any CPU
	EndGlobalSection
	GlobalSection(SolutionProperties) = preSolution
		HideSolutionNode = FALSE
	EndGlobalSection
	GlobalSection(NestedProjects) = preSolution
		{5200DF42-CF22-426A-9173-DD22A1ED63AB} = {E1C5BE8F-FA29-4784-979B-4FA0FE60AFC2}
		{B47D5E4B-DE85-4D48-B123-D1ED82444E72} = {5200DF42-CF22-426A-9173-DD22A1ED63AB}
		{6738672F-CA18-4029-B78F-BE2613959D45} = {E1C5BE8F-FA29-4784-979B-4FA0FE60AFC2}
		{7CAFF94A-778D-4667-B172-7CFC48540864} = {5200DF42-CF22-426A-9173-DD22A1ED63AB}
		{C76CB36A-E024-4842-A6CC-AFBAD5436DBE} = {E1C5BE8F-FA29-4784-979B-4FA0FE60AFC2}
		{129F9856-8A09-47D3-8EEB-97A6EB7879AE} = {6738672F-CA18-4029-B78F-BE2613959D45}
		{A7DA51F8-C501-4794-8743-1DEFB2A042CB} = {B47D5E4B-DE85-4D48-B123-D1ED82444E72}
		{49BDE1E9-BDE6-4767-9445-EA207DF3323C} = {7CAFF94A-778D-4667-B172-7CFC48540864}
		{8812616E-5E86-478A-8F2C-4051F8F8C5C8} = {C76CB36A-E024-4842-A6CC-AFBAD5436DBE}
	EndGlobalSection
	GlobalSection(ExtensibilityGlobals) = postSolution
		SolutionGuid = {74B6CE5B-F9C2-410F-924A-919C65F6B981}
	EndGlobalSection
EndGlobal
